
Microsoft Visual Studio Solution File, Format Version 12.00
# Visual Studio Version 16
VisualStudioVersion = 16.0.32630.194
MinimumVisualStudioVersion = 10.0.40219.1
Project("{8BC9CEB8-8B4A-11D0-8D11-00A0C91BC942}") = "ApiHashing", "ApiHashing.vcxproj", "{37DB2206-8A3B-4A6D-A93B-E9D19CE916AF}"
EndProject
Global
	GlobalSection(SolutionConfigurationPlatforms) = preSolution
		Debug|x64 = Debug|x64
		Debug|x86 = Debug|x86
		Release|x64 = Release|x64
		Release|x86 = Release|x86
	EndGlobalSection
	GlobalSection(ProjectConfigurationPlatforms) = postSolution
		{37DB2206-8A3B-4A6D-A93B-E9D19CE916AF}.Debug|x64.ActiveCfg = Debug|x64
		{37DB2206-8A3B-4A6D-A93B-E9D19CE916AF}.Debug|x64.Build.0 = Debug|x64
		{37DB2206-8A3B-4A6D-A93B-E9D19CE916AF}.Debug|x86.ActiveCfg = Debug|Win32
		{37DB2206-8A3B-4A6D-A93B-E9D19CE916AF}.Debug|x86.Build.0 = Debug|Win32
		{37DB2206-8A3B-4A6D-A93B-E9D19CE916AF}.Release|x64.ActiveCfg = Release|x64
		{37DB2206-8A3B-4A6D-A93B-E9D19CE916AF}.Release|x64.Build.0 = Release|x64
		{37DB2206-8A3B-4A6D-A93B-E9D19CE916AF}.Release|x86.ActiveCfg = Release|Win32
		{37DB2206-8A3B-4A6D-A93B-E9D19CE916AF}.Release|x86.Build.0 = Release|Win32
	EndGlobalSection
	GlobalSection(SolutionProperties) = preSolution
		HideSolutionNode = FALSE
	EndGlobalSection
	GlobalSection(ExtensibilityGlobals) = postSolution
		SolutionGuid = {1881767F-8FC4-4E23-A8A5-E9A3C6369DA3}
	EndGlobalSection
EndGlobal
